
Microsoft Visual Studio Solution File, Format Version 12.00
# Visual Studio 14
VisualStudioVersion = 14.0.23107.0
MinimumVisualStudioVersion = 10.0.40219.1
Project("{FAE04EC0-301F-11D3-BF4B-00C04F79EFBC}") = "Ypsilon", "Ypsilon\Ypsilon.csproj", "{57959230-8C4C-4160-B06F-AA939D3A8D27}"
EndProject
Project("{96E2B04D-8817-42C6-938A-82C39BA4D311}") = "YpsilonContent", "YpsilonContent\YpsilonContent.contentproj", "{7543C3BC-845F-4693-868D-7FF3C37EDBD8}"
EndProject
Global
	GlobalSection(SolutionConfigurationPlatforms) = preSolution
		Debug|x86 = Debug|x86
		Release|x86 = Release|x86
	EndGlobalSection
	GlobalSection(ProjectConfigurationPlatforms) = postSolution
		{57959230-8C4C-4160-B06F-AA939D3A8D27}.Debug|x86.ActiveCfg = Debug|x86
		{57959230-8C4C-4160-B06F-AA939D3A8D27}.Debug|x86.Build.0 = Debug|x86
		{57959230-8C4C-4160-B06F-AA939D3A8D27}.Release|x86.ActiveCfg = Release|x86
		{57959230-8C4C-4160-B06F-AA939D3A8D27}.Release|x86.Build.0 = Release|x86
		{7543C3BC-845F-4693-868D-7FF3C37EDBD8}.Debug|x86.ActiveCfg = Debug|x86
		{7543C3BC-845F-4693-868D-7FF3C37EDBD8}.Release|x86.ActiveCfg = Release|x86
	EndGlobalSection
	GlobalSection(SolutionProperties) = preSolution
		HideSolutionNode = FALSE
	EndGlobalSection
EndGlobal
