
Microsoft Visual Studio Solution File, Format Version 11.00
# Visual C# Express 2010
Project("{FAE04EC0-301F-11D3-BF4B-00C04F79EFBC}") = "ResourceBuilder", "ResourceBuilder\ResourceBuilder\ResourceBuilder.csproj", "{4182AC0D-50F9-4F48-AAF5-C1CB1BA1B174}"
EndProject
Project("{96E2B04D-8817-42C6-938A-82C39BA4D311}") = "ResourceContent", "ResourceBuilder\ResourceContent\ResourceContent.contentproj", "{E2464156-4FBB-4AB6-B753-0A27A583E65F}"
EndProject
Global
	GlobalSection(SolutionConfigurationPlatforms) = preSolution
		Debug|x86 = Debug|x86
		Release|x86 = Release|x86
	EndGlobalSection
	GlobalSection(ProjectConfigurationPlatforms) = postSolution
		{4182AC0D-50F9-4F48-AAF5-C1CB1BA1B174}.Debug|x86.ActiveCfg = Debug|x86
		{4182AC0D-50F9-4F48-AAF5-C1CB1BA1B174}.Debug|x86.Build.0 = Debug|x86
		{4182AC0D-50F9-4F48-AAF5-C1CB1BA1B174}.Release|x86.ActiveCfg = Release|x86
		{4182AC0D-50F9-4F48-AAF5-C1CB1BA1B174}.Release|x86.Build.0 = Release|x86
		{E2464156-4FBB-4AB6-B753-0A27A583E65F}.Debug|x86.ActiveCfg = Debug|x86
		{E2464156-4FBB-4AB6-B753-0A27A583E65F}.Release|x86.ActiveCfg = Release|x86
	EndGlobalSection
	GlobalSection(SolutionProperties) = preSolution
		HideSolutionNode = FALSE
	EndGlobalSection
EndGlobal
