
Microsoft Visual Studio Solution File, Format Version 12.00
# Visual Studio Express 2013 for Windows Desktop
VisualStudioVersion = 12.0.31101.0
MinimumVisualStudioVersion = 10.0.40219.1
Project("{FAE04EC0-301F-11D3-BF4B-00C04F79EFBC}") = "Disassembler", "Disassembler\Disassembler.csproj", "{11AEC0F6-7465-4B23-81C4-3C1112135D23}"
EndProject
Project("{FAE04EC0-301F-11D3-BF4B-00C04F79EFBC}") = "Ypsilon.Hardware", "Hardware\Ypsilon.Hardware.csproj", "{FC4DED94-2256-43D1-9C43-D4AF7D1BFECE}"
EndProject
Global
	GlobalSection(SolutionConfigurationPlatforms) = preSolution
		Debug|x86 = Debug|x86
		Release|x86 = Release|x86
	EndGlobalSection
	GlobalSection(ProjectConfigurationPlatforms) = postSolution
		{11AEC0F6-7465-4B23-81C4-3C1112135D23}.Debug|x86.ActiveCfg = Debug|x86
		{11AEC0F6-7465-4B23-81C4-3C1112135D23}.Debug|x86.Build.0 = Debug|x86
		{11AEC0F6-7465-4B23-81C4-3C1112135D23}.Release|x86.ActiveCfg = Release|x86
		{11AEC0F6-7465-4B23-81C4-3C1112135D23}.Release|x86.Build.0 = Release|x86
		{FC4DED94-2256-43D1-9C43-D4AF7D1BFECE}.Debug|x86.ActiveCfg = Debug|x86
		{FC4DED94-2256-43D1-9C43-D4AF7D1BFECE}.Debug|x86.Build.0 = Debug|x86
		{FC4DED94-2256-43D1-9C43-D4AF7D1BFECE}.Release|x86.ActiveCfg = Release|x86
		{FC4DED94-2256-43D1-9C43-D4AF7D1BFECE}.Release|x86.Build.0 = Release|x86
	EndGlobalSection
	GlobalSection(SolutionProperties) = preSolution
		HideSolutionNode = FALSE
	EndGlobalSection
EndGlobal
