
Microsoft Visual Studio Solution File, Format Version 12.00
# Visual Studio Express 2013 for Windows Desktop
VisualStudioVersion = 12.0.31101.0
MinimumVisualStudioVersion = 10.0.40219.1
Project("{FAE04EC0-301F-11D3-BF4B-00C04F79EFBC}") = "Emulator", "Emulator\Emulator.csproj", "{83A151DD-8F56-4EBA-9482-5B4E5548CD20}"
	ProjectSection(ProjectDependencies) = postProject
		{FC4DED94-2256-43D1-9C43-D4AF7D1BFECE} = {FC4DED94-2256-43D1-9C43-D4AF7D1BFECE}
	EndProjectSection
EndProject
Project("{FAE04EC0-301F-11D3-BF4B-00C04F79EFBC}") = "Ypsilon.Platform", "Platform\Ypsilon.Platform.csproj", "{AACF1738-A2F8-4783-BBFF-2163B5187830}"
EndProject
Project("{FAE04EC0-301F-11D3-BF4B-00C04F79EFBC}") = "Ypsilon.Hardware", "Hardware\Ypsilon.Hardware.csproj", "{FC4DED94-2256-43D1-9C43-D4AF7D1BFECE}"
EndProject
Project("{FAE04EC0-301F-11D3-BF4B-00C04F79EFBC}") = "Ypsilon.Devices", "Devices\Ypsilon.Devices.csproj", "{4BDB236D-A587-409A-81B8-1DB0E5DF37B9}"
EndProject
Global
	GlobalSection(SolutionConfigurationPlatforms) = preSolution
		Debug|x86 = Debug|x86
		Release|x86 = Release|x86
	EndGlobalSection
	GlobalSection(ProjectConfigurationPlatforms) = postSolution
		{83A151DD-8F56-4EBA-9482-5B4E5548CD20}.Debug|x86.ActiveCfg = Debug|x86
		{83A151DD-8F56-4EBA-9482-5B4E5548CD20}.Debug|x86.Build.0 = Debug|x86
		{83A151DD-8F56-4EBA-9482-5B4E5548CD20}.Release|x86.ActiveCfg = Release|x86
		{83A151DD-8F56-4EBA-9482-5B4E5548CD20}.Release|x86.Build.0 = Release|x86
		{AACF1738-A2F8-4783-BBFF-2163B5187830}.Debug|x86.ActiveCfg = Debug|x86
		{AACF1738-A2F8-4783-BBFF-2163B5187830}.Debug|x86.Build.0 = Debug|x86
		{AACF1738-A2F8-4783-BBFF-2163B5187830}.Release|x86.ActiveCfg = Release|x86
		{AACF1738-A2F8-4783-BBFF-2163B5187830}.Release|x86.Build.0 = Release|x86
		{FC4DED94-2256-43D1-9C43-D4AF7D1BFECE}.Debug|x86.ActiveCfg = Debug|x86
		{FC4DED94-2256-43D1-9C43-D4AF7D1BFECE}.Debug|x86.Build.0 = Debug|x86
		{FC4DED94-2256-43D1-9C43-D4AF7D1BFECE}.Release|x86.ActiveCfg = Release|x86
		{FC4DED94-2256-43D1-9C43-D4AF7D1BFECE}.Release|x86.Build.0 = Release|x86
		{4BDB236D-A587-409A-81B8-1DB0E5DF37B9}.Debug|x86.ActiveCfg = Debug|x86
		{4BDB236D-A587-409A-81B8-1DB0E5DF37B9}.Debug|x86.Build.0 = Debug|x86
		{4BDB236D-A587-409A-81B8-1DB0E5DF37B9}.Release|x86.ActiveCfg = Release|x86
		{4BDB236D-A587-409A-81B8-1DB0E5DF37B9}.Release|x86.Build.0 = Release|x86
	EndGlobalSection
	GlobalSection(SolutionProperties) = preSolution
		HideSolutionNode = FALSE
	EndGlobalSection
EndGlobal
